
Microsoft Visual Studio Solution File, Format Version 12.00
# Visual Studio Version 17
VisualStudioVersion = 17.13.35825.156 d17.13
MinimumVisualStudioVersion = 10.0.40219.1
Project("{888888A0-9F3D-457C-B088-3A5042F75D52}") = "4999", "4999.pyproj", "{667520C5-7DC1-40BF-8C9B-30FF4A58D06A}"
EndProject
Global
	GlobalSection(SolutionConfigurationPlatforms) = preSolution
		Debug|Any CPU = Debug|Any CPU
		Release|Any CPU = Release|Any CPU
	EndGlobalSection
	GlobalSection(ProjectConfigurationPlatforms) = postSolution
		{667520C5-7DC1-40BF-8C9B-30FF4A58D06A}.Debug|Any CPU.ActiveCfg = Debug|Any CPU
		{667520C5-7DC1-40BF-8C9B-30FF4A58D06A}.Release|Any CPU.ActiveCfg = Release|Any CPU
	EndGlobalSection
	GlobalSection(SolutionProperties) = preSolution
		HideSolutionNode = FALSE
	EndGlobalSection
	GlobalSection(ExtensibilityGlobals) = postSolution
		SolutionGuid = {7F87B343-C3A5-4A04-AEBC-C11F9198D63D}
	EndGlobalSection
EndGlobal
